
Microsoft Visual Studio Solution File, Format Version 12.00
# Visual Studio 14
VisualStudioVersion = 14.0.23107.0
MinimumVisualStudioVersion = 10.0.40219.1
Project("{FAE04EC0-301F-11D3-BF4B-00C04F79EFBC}") = "Simple_Factory", "Simple_Factory\Simple_Factory.csproj", "{4900770F-9B78-4FC0-B722-86F7D641CD0E}"
EndProject
Project("{FAE04EC0-301F-11D3-BF4B-00C04F79EFBC}") = "Factory_Method", "Facotory_Method\Factory_Method.csproj", "{EA534955-80D5-45C5-979F-674A99380E2D}"
EndProject
Project("{FAE04EC0-301F-11D3-BF4B-00C04F79EFBC}") = "Singleton_Pattern", "Singleton_Pattern\Singleton_Pattern.csproj", "{AA4A645B-C73C-4E3F-ACF4-62AC9E235C26}"
EndProject
Project("{FAE04EC0-301F-11D3-BF4B-00C04F79EFBC}") = "Abstract_Factory", "..\..\VS_Project\DesignPatterns\Abstract_Factory\Abstract_Factory.csproj", "{DC84C2F2-33D2-412A-A60F-4A3E0A28570A}"
EndProject
Project("{FAE04EC0-301F-11D3-BF4B-00C04F79EFBC}") = "Builder_Pattern", "..\..\VS_Project\DesignPatterns\Builder_Pattern\Builder_Pattern.csproj", "{F06F47A7-7D5F-4C9E-9B74-A3BD60D7C899}"
EndProject
Project("{2150E333-8FDC-42A3-9474-1A3956D46DE8}") = "Create_Pattern", "Create_Pattern", "{55EBAA40-D719-4F9C-91CC-E436D2084CEB}"
EndProject
Project("{2150E333-8FDC-42A3-9474-1A3956D46DE8}") = "Structural_Pattern", "Structural_Pattern", "{17BD48D2-3C58-4090-9275-2E0A81258BA9}"
EndProject
Project("{FAE04EC0-301F-11D3-BF4B-00C04F79EFBC}") = "Adapter_Pattern", "Adapter_Pattern\Adapter_Pattern.csproj", "{657793F2-8868-4548-82DE-0FEC972B88CD}"
EndProject
Global
	GlobalSection(SolutionConfigurationPlatforms) = preSolution
		Debug|Any CPU = Debug|Any CPU
		Release|Any CPU = Release|Any CPU
	EndGlobalSection
	GlobalSection(ProjectConfigurationPlatforms) = postSolution
		{4900770F-9B78-4FC0-B722-86F7D641CD0E}.Debug|Any CPU.ActiveCfg = Debug|Any CPU
		{4900770F-9B78-4FC0-B722-86F7D641CD0E}.Debug|Any CPU.Build.0 = Debug|Any CPU
		{4900770F-9B78-4FC0-B722-86F7D641CD0E}.Release|Any CPU.ActiveCfg = Release|Any CPU
		{4900770F-9B78-4FC0-B722-86F7D641CD0E}.Release|Any CPU.Build.0 = Release|Any CPU
		{EA534955-80D5-45C5-979F-674A99380E2D}.Debug|Any CPU.ActiveCfg = Debug|Any CPU
		{EA534955-80D5-45C5-979F-674A99380E2D}.Debug|Any CPU.Build.0 = Debug|Any CPU
		{EA534955-80D5-45C5-979F-674A99380E2D}.Release|Any CPU.ActiveCfg = Release|Any CPU
		{EA534955-80D5-45C5-979F-674A99380E2D}.Release|Any CPU.Build.0 = Release|Any CPU
		{AA4A645B-C73C-4E3F-ACF4-62AC9E235C26}.Debug|Any CPU.ActiveCfg = Debug|Any CPU
		{AA4A645B-C73C-4E3F-ACF4-62AC9E235C26}.Debug|Any CPU.Build.0 = Debug|Any CPU
		{AA4A645B-C73C-4E3F-ACF4-62AC9E235C26}.Release|Any CPU.ActiveCfg = Release|Any CPU
		{AA4A645B-C73C-4E3F-ACF4-62AC9E235C26}.Release|Any CPU.Build.0 = Release|Any CPU
		{DC84C2F2-33D2-412A-A60F-4A3E0A28570A}.Debug|Any CPU.ActiveCfg = Debug|Any CPU
		{DC84C2F2-33D2-412A-A60F-4A3E0A28570A}.Debug|Any CPU.Build.0 = Debug|Any CPU
		{DC84C2F2-33D2-412A-A60F-4A3E0A28570A}.Release|Any CPU.ActiveCfg = Release|Any CPU
		{DC84C2F2-33D2-412A-A60F-4A3E0A28570A}.Release|Any CPU.Build.0 = Release|Any CPU
		{F06F47A7-7D5F-4C9E-9B74-A3BD60D7C899}.Debug|Any CPU.ActiveCfg = Debug|Any CPU
		{F06F47A7-7D5F-4C9E-9B74-A3BD60D7C899}.Debug|Any CPU.Build.0 = Debug|Any CPU
		{F06F47A7-7D5F-4C9E-9B74-A3BD60D7C899}.Release|Any CPU.ActiveCfg = Release|Any CPU
		{F06F47A7-7D5F-4C9E-9B74-A3BD60D7C899}.Release|Any CPU.Build.0 = Release|Any CPU
		{657793F2-8868-4548-82DE-0FEC972B88CD}.Debug|Any CPU.ActiveCfg = Debug|Any CPU
		{657793F2-8868-4548-82DE-0FEC972B88CD}.Debug|Any CPU.Build.0 = Debug|Any CPU
		{657793F2-8868-4548-82DE-0FEC972B88CD}.Release|Any CPU.ActiveCfg = Release|Any CPU
		{657793F2-8868-4548-82DE-0FEC972B88CD}.Release|Any CPU.Build.0 = Release|Any CPU
	EndGlobalSection
	GlobalSection(SolutionProperties) = preSolution
		HideSolutionNode = FALSE
	EndGlobalSection
	GlobalSection(NestedProjects) = preSolution
		{4900770F-9B78-4FC0-B722-86F7D641CD0E} = {55EBAA40-D719-4F9C-91CC-E436D2084CEB}
		{EA534955-80D5-45C5-979F-674A99380E2D} = {55EBAA40-D719-4F9C-91CC-E436D2084CEB}
		{AA4A645B-C73C-4E3F-ACF4-62AC9E235C26} = {55EBAA40-D719-4F9C-91CC-E436D2084CEB}
		{DC84C2F2-33D2-412A-A60F-4A3E0A28570A} = {55EBAA40-D719-4F9C-91CC-E436D2084CEB}
		{F06F47A7-7D5F-4C9E-9B74-A3BD60D7C899} = {55EBAA40-D719-4F9C-91CC-E436D2084CEB}
		{657793F2-8868-4548-82DE-0FEC972B88CD} = {17BD48D2-3C58-4090-9275-2E0A81258BA9}
	EndGlobalSection
EndGlobal
